
Microsoft Visual Studio Solution File, Format Version 12.00
Project("{FAE04EC0-301F-11D3-BF4B-00C04F79EFBC}") = "ImageCompress", "ImageCompress\ImageCompress.csproj", "{B8DBBC3C-C3AB-4C35-9179-F449909327A6}"
EndProject
Global
	GlobalSection(SolutionConfigurationPlatforms) = preSolution
		Debug|Any CPU = Debug|Any CPU
		Release|Any CPU = Release|Any CPU
	EndGlobalSection
	GlobalSection(ProjectConfigurationPlatforms) = postSolution
		{B8DBBC3C-C3AB-4C35-9179-F449909327A6}.Debug|Any CPU.ActiveCfg = Debug|Any CPU
		{B8DBBC3C-C3AB-4C35-9179-F449909327A6}.Debug|Any CPU.Build.0 = Debug|Any CPU
		{B8DBBC3C-C3AB-4C35-9179-F449909327A6}.Release|Any CPU.ActiveCfg = Release|Any CPU
		{B8DBBC3C-C3AB-4C35-9179-F449909327A6}.Release|Any CPU.Build.0 = Release|Any CPU
	EndGlobalSection
EndGlobal
